<?xml version="1.0" encoding="utf-8"?>
<Project ToolsVersion="4.0" xmlns="http://schemas.microsoft.com/developer/msbuild/2003">
  <ItemGroup>
    <ClCompile Include="src\main.cpp" />
    <ClCompile Include="src\Engine\Engine.cpp" />
    <ClCompile Include="src\Events\Events.cpp" />
    <ClCompile Include="src\Window\Window.cpp" />
    <ClCompile Include="src\GL\VAO.cpp" />
    <ClCompile Include="src\GL\Program.cpp" />
    <ClCompile Include="src\GL\Texture.cpp" />
    <ClCompile Include="src\Load\Image.cpp" />
    <ClCompile Include="src\Camera\Camera.cpp" />
    <ClCompile Include="src\Chunks\Chunk.cpp" />
    <ClCompile Include="src\Chunks\ChunkRenderer.cpp" />
  </ItemGroup>
  <ItemGroup>
    <ClInclude Include="src\Engine\Engine.h" />
    <ClInclude Include="src\Events\Events.h" />
    <ClInclude Include="src\Window\Window.h" />
    <ClInclude Include="src\GL\VAO.h" />
    <ClInclude Include="src\GL\Program.h" />
    <ClInclude Include="src\GL\Texture.h" />
    <ClInclude Include="src\Load\Image.h" />
    <ClInclude Include="src\Camera\Camera.h" />
    <ClInclude Include="src\Chunks\Voxel.h" />
    <ClInclude Include="src\Chunks\Chunk.h" />
    <ClInclude Include="src\Chunks\ChunkRenderer.h" />
  </ItemGroup>
  <ItemGroup>
    <None Include=".clang-format" />
    <None Include="res\glsl\Shader.vert" />
    <None Include="res\glsl\Shader.frag" />
  </ItemGroup>
</Project>